
Microsoft Visual Studio Solution File, Format Version 12.00
# Visual Studio 14
VisualStudioVersion = 14.0.23107.0
MinimumVisualStudioVersion = 10.0.40219.1
Project("{2150E333-8FDC-42A3-9474-1A3956D46DE8}") = "src", "src", "{41E50BE1-0F09-432E-B11A-D69DD30A70F9}"
EndProject
Project("{2150E333-8FDC-42A3-9474-1A3956D46DE8}") = "Solution Items", "Solution Items", "{B86990EC-9958-410B-99D6-149BBE5DBB43}"
	ProjectSection(SolutionItems) = preProject
		global.json = global.json
		NuGet.Config = NuGet.Config
	EndProjectSection
EndProject
Project("{8BB2217D-0F2D-49D1-97BC-3654ED321F3B}") = "Essen", "src\Essen\Essen.xproj", "{C66CD691-503B-4CDE-9835-230E5F129078}"
EndProject
Project("{8BB2217D-0F2D-49D1-97BC-3654ED321F3B}") = "Tests", "src\Tests\Tests.xproj", "{6581F57A-019B-4741-8B8D-0739A4121D9F}"
EndProject
Global
	GlobalSection(SolutionConfigurationPlatforms) = preSolution
		Debug|Any CPU = Debug|Any CPU
		Release|Any CPU = Release|Any CPU
	EndGlobalSection
	GlobalSection(ProjectConfigurationPlatforms) = postSolution
		{C66CD691-503B-4CDE-9835-230E5F129078}.Debug|Any CPU.ActiveCfg = Debug|Any CPU
		{C66CD691-503B-4CDE-9835-230E5F129078}.Debug|Any CPU.Build.0 = Debug|Any CPU
		{C66CD691-503B-4CDE-9835-230E5F129078}.Release|Any CPU.ActiveCfg = Release|Any CPU
		{C66CD691-503B-4CDE-9835-230E5F129078}.Release|Any CPU.Build.0 = Release|Any CPU
		{6581F57A-019B-4741-8B8D-0739A4121D9F}.Debug|Any CPU.ActiveCfg = Debug|Any CPU
		{6581F57A-019B-4741-8B8D-0739A4121D9F}.Debug|Any CPU.Build.0 = Debug|Any CPU
		{6581F57A-019B-4741-8B8D-0739A4121D9F}.Release|Any CPU.ActiveCfg = Release|Any CPU
		{6581F57A-019B-4741-8B8D-0739A4121D9F}.Release|Any CPU.Build.0 = Release|Any CPU
	EndGlobalSection
	GlobalSection(SolutionProperties) = preSolution
		HideSolutionNode = FALSE
	EndGlobalSection
	GlobalSection(NestedProjects) = preSolution
		{C66CD691-503B-4CDE-9835-230E5F129078} = {41E50BE1-0F09-432E-B11A-D69DD30A70F9}
		{6581F57A-019B-4741-8B8D-0739A4121D9F} = {41E50BE1-0F09-432E-B11A-D69DD30A70F9}
	EndGlobalSection
EndGlobal
